github.com/asyning/Ip2regionTool v0.0.0-20251220091231-fd0a79882950 h1:u7X8dMxWu14gdGwpEulpO3Em2cAl7mZZOLyHoWkjP6o=
github.com/asyning/Ip2regionTool v0.0.0-20251220091231-fd0a79882950/go.mod h1:OQZfIirGKYvq0CDNmJNRBqGVTCh/kJXZh1/+PEvU76c=
github.com/belowLevel/find-domain v1.0.6 h1:faTb9cib5tJs9bV2M/8KpwAsOuiOZkcG6nvnrl4QUMc=
github.com/belowLevel/find-domain v1.0.6/go.mod h1:6emtBUDxCHNJ8fjVzVzNWu+31r3LW5kefSTTALqaX1M=
github.com/davecgh/go-spew v1.1.1 h1:vj9j/u1bqnvCEfJOwUhtlOARqs3+rkHYY13jYWTU97c=
github.com/davecgh/go-spew v1.1.1/go.mod h1:J7Y8YcW2NihsgmVo/mv3lAwl/skON4iLHjSsI+c5H38=
github.com/maxmind/mmdbwriter v0.0.0-20220830183856-fffdfa44ff0b h1:wkAKuhM2q+6rlDxWzzDZUU1IkyHJvO5ejtQaJLjHWxg=
github.com/maxmind/mmdbwriter v0.0.0-20220830183856-fffdfa44ff0b/go.mod h1:q7YpNxnTt06LyrYKVxcZSIITZkfnJ/+XMU+iXxNE778=
github.com/oschwald/geoip2-golang v1.13.0 h1:Q44/Ldc703pasJeP5V9+aFSZFmBN7DKHbNsSFzQATJI=
github.com/oschwald/geoip2-golang v1.13.0/go.mod h1:P9zG+54KPEFOliZ29i7SeYZ/GM6tfEL+rgSn03hYuUo=
github.com/oschwald/maxminddb-golang v1.13.0 h1:R8xBorY71s84yO06NgTmQvqvTvlS/bnYZrrWX1MElnU=
github.com/oschwald/maxminddb-golang v1.13.0/go.mod h1:BU0z8BfFVhi1LQaonTwwGQlsHUEu9pWNdMfmq4ztm0o=
github.com/oschwald/maxminddb-golang/v2 v2.0.0-beta.7 h1:8ivtp2oRTsp7hTpkMgS5kLDvXC2SQoC2JuLph13ZXp8=
github.com/oschwald/maxminddb-golang/v2 v2.0.0-beta.7/go.mod h1:A1wLWQkiHqLUux3/cnHBBKxjYW4s7TZQnQ55fLa37NA=
github.com/pmezard/go-difflib v1.0.0 h1:4DBwDE0NGyQoBHbLQYPwSUPoCMWR5BEzIk/f1lZbAQM=
github.com/pmezard/go-difflib v1.0.0/go.mod h1:iKH77koFhYxTK1pcRnkKkqfTogsbg7gZNVY4sRDYZ/4=
github.com/stretchr/testify v1.10.0 h1:Xv5erBjTwe/5IxqUQTdXv5kgmIvbHo3QQyRwhJsOfJA=
github.com/stretchr/testify v1.10.0/go.mod h1:r2ic/lqez/lEtzL7wO/rwa5dbSLXVDPFyf8C91i36aY=
go4.org/netipx v0.0.0-20220812043211-3cc044ffd68d h1:ggxwEf5eu0l8v+87VhX1czFh8zJul3hK16Gmruxn7hw=
go4.org/netipx v0.0.0-20220812043211-3cc044ffd68d/go.mod h1:tgPU4N2u9RByaTN3NC2p9xOzyFpte4jYwsIIRF7XlSc=
golang.org/x/sys v0.33.0 h1:q3i8TbbEz+JRD9ywIRlyRAQbM0qF7hu24q3teo2hbuw=
golang.org/x/sys v0.33.0/go.mod h1:BJP2sWEmIv4KK5OTEluFJCKSidICx8ciO85XgH3Ak8k=
gopkg.in/check.v1 v0.0.0-20161208181325-20d25e280405 h1:yhCVgyC4o1eVCa2tZl7eS0r+SDo693bJlVdllGtEeKM=
gopkg.in/check.v1 v0.0.0-20161208181325-20d25e280405/go.mod h1:Co6ibVJAznAaIkqp8huTwlJQCZ016jof/cbN4VW5Yz0=
gopkg.in/yaml.v3 v3.0.1 h1:fxVm/GzAzEWqLHuvctI91KS9hhNmmWOoWu0XTYJS7CA=
gopkg.in/yaml.v3 v3.0.1/go.mod h1:K4uyk7z7BCEPqu6E+C64Yfv1cQ7kz7rIZviUmN+EgEM=
